<?xml version="1.0" encoding="utf-8"?>
<Project ToolsVersion="4.0" xmlns="http://schemas.microsoft.com/developer/msbuild/2003">
  <ItemGroup>
    <Filter Include="Engine">
      <UniqueIdentifier>{d80c7102-8923-4ff4-ae90-cb9b3c770ad4}</UniqueIdentifier>
    </Filter>
    <Filter Include="Game">
      <UniqueIdentifier>{70bae3f0-b32a-43c0-840d-23019573650a}</UniqueIdentifier>
    </Filter>
    <Filter Include="Game\Mode3">
      <UniqueIdentifier>{767fcbc8-eff1-4cad-9914-ceab5bd6ce89}</UniqueIdentifier>
    </Filter>
  </ItemGroup>
  <ItemGroup>
    <ClCompile Include="Main.cpp" />
    <ClCompile Include="Engine\Logger.cpp">
      <Filter>Engine</Filter>
    </ClCompile>
    <ClCompile Include="Engine\Window.cpp">
      <Filter>Engine</Filter>
    </ClCompile>
    <ClCompile Include="Engine\Input_Doodle.cpp">
      <Filter>Engine</Filter>
    </ClCompile>
    <ClCompile Include="Game\Splash.cpp">
      <Filter>Game</Filter>
    </ClCompile>
    <ClCompile Include="Engine\GameStateManager.cpp">
      <Filter>Engine</Filter>
    </ClCompile>
    <ClCompile Include="Engine\Engine.cpp">
      <Filter>Engine</Filter>
    </ClCompile>
    <ClCompile Include="Game\Mode1.cpp">
      <Filter>Game</Filter>
    </ClCompile>
    <ClCompile Include="Game\Mode2.cpp">
      <Filter>Game</Filter>
    </ClCompile>
    <ClCompile Include="Engine\Input.cpp">
      <Filter>Engine</Filter>
    </ClCompile>
    <ClCompile Include="Engine\Texture.cpp">
      <Filter>Engine</Filter>
    </ClCompile>
    <ClCompile Include="Engine\Sprite.cpp">
      <Filter>Engine</Filter>
    </ClCompile>
    <ClCompile Include="Game\Hero.cpp">
      <Filter>Game</Filter>
    </ClCompile>
    <ClCompile Include="Game\Ship.cpp">
      <Filter>Game</Filter>
    </ClCompile>
    <ClCompile Include="Game\Ball.cpp">
      <Filter>Game</Filter>
    </ClCompile>
    <ClCompile Include="Engine\Camera.cpp">
      <Filter>Engine</Filter>
    </ClCompile>
    <ClCompile Include="Game\Background.cpp">
      <Filter>Game</Filter>
    </ClCompile>
    <ClCompile Include="Engine\TransformMatrix.cpp">
      <Filter>Engine</Filter>
    </ClCompile>
    <ClCompile Include="Engine\Animation.cpp">
      <Filter>Engine</Filter>
    </ClCompile>
    <ClCompile Include="Engine\GameObjectManager.cpp">
      <Filter>Engine</Filter>
    </ClCompile>
    <ClCompile Include="Engine\GameObject.cpp">
      <Filter>Engine</Filter>
    </ClCompile>
    <ClCompile Include="Game\TreeStump.cpp">
      <Filter>Game</Filter>
    </ClCompile>
    <ClCompile Include="Game\Meteor.cpp">
      <Filter>Game</Filter>
    </ClCompile>
    <ClCompile Include="Game\Bunny.cpp">
      <Filter>Game</Filter>
    </ClCompile>
    <ClCompile Include="Engine\TextureManager.cpp">
      <Filter>Engine</Filter>
    </ClCompile>
    <ClCompile Include="Engine\SpriteFont.cpp">
      <Filter>Engine</Filter>
    </ClCompile>
    <ClCompile Include="Game\MainMenu.cpp">
      <Filter>Game</Filter>
    </ClCompile>
    <ClCompile Include="Game\ScreenWrap.cpp">
      <Filter>Game</Filter>
    </ClCompile>
    <ClCompile Include="Game\Score.cpp">
      <Filter>Game</Filter>
    </ClCompile>
    <ClCompile Include="Game\Timer.cpp">
      <Filter>Game</Filter>
    </ClCompile>
    <ClCompile Include="Engine\Collision.cpp">
      <Filter>Engine</Filter>
    </ClCompile>
    <ClCompile Include="Engine\ShowCollision.cpp">
      <Filter>Engine</Filter>
    </ClCompile>
    <ClCompile Include="Game\Floor.cpp">
      <Filter>Game</Filter>
    </ClCompile>
    <ClCompile Include="Game\Exit.cpp">
      <Filter>Game</Filter>
    </ClCompile>
    <ClCompile Include="Game\Laser.cpp">
      <Filter>Game</Filter>
    </ClCompile>
    <ClCompile Include="Engine\ParticleEmitter.cpp">
      <Filter>Engine</Filter>
    </ClCompile>
    <ClCompile Include="Game\GameParticles.cpp">
      <Filter>Game</Filter>
    </ClCompile>
    <ClCompile Include="Game\Mode3.cpp">
      <Filter>Game</Filter>
    </ClCompile>
    <ClCompile Include="Game\Police.cpp">
      <Filter>Game\Mode3</Filter>
    </ClCompile>
    <ClCompile Include="Game\Spike.cpp">
      <Filter>Game\Mode3</Filter>
    </ClCompile>
    <ClCompile Include="Game\Runner.cpp">
      <Filter>Game\Mode3</Filter>
    </ClCompile>
    <ClCompile Include="Game\Hp.cpp">
      <Filter>Game</Filter>
    </ClCompile>
    <ClCompile Include="Game\Finish.cpp">
      <Filter>Game\Mode3</Filter>
    </ClCompile>
  </ItemGroup>
  <ItemGroup>
    <ClInclude Include="Engine\Logger.h">
      <Filter>Engine</Filter>
    </ClInclude>
    <ClInclude Include="Engine\Window.h">
      <Filter>Engine</Filter>
    </ClInclude>
    <ClInclude Include="Engine\Input.h">
      <Filter>Engine</Filter>
    </ClInclude>
    <ClInclude Include="Engine\GameState.h">
      <Filter>Engine</Filter>
    </ClInclude>
    <ClInclude Include="Engine\GameStateManager.h">
      <Filter>Engine</Filter>
    </ClInclude>
    <ClInclude Include="Engine\Engine.h">
      <Filter>Engine</Filter>
    </ClInclude>
    <ClInclude Include="Game\Screens.h">
      <Filter>Game</Filter>
    </ClInclude>
    <ClInclude Include="Game\Splash.h">
      <Filter>Game</Filter>
    </ClInclude>
    <ClInclude Include="Game\Mode1.h">
      <Filter>Game</Filter>
    </ClInclude>
    <ClInclude Include="Game\Mode2.h">
      <Filter>Game</Filter>
    </ClInclude>
    <ClInclude Include="Engine\Vec2.h">
      <Filter>Engine</Filter>
    </ClInclude>
    <ClInclude Include="Engine\Texture.h">
      <Filter>Engine</Filter>
    </ClInclude>
    <ClInclude Include="Engine\Sprite.h">
      <Filter>Engine</Filter>
    </ClInclude>
    <ClInclude Include="Game\Hero.h">
      <Filter>Game</Filter>
    </ClInclude>
    <ClInclude Include="Game\Ship.h">
      <Filter>Game</Filter>
    </ClInclude>
    <ClInclude Include="Game\Ball.h">
      <Filter>Game</Filter>
    </ClInclude>
    <ClInclude Include="Engine\Camera.h">
      <Filter>Engine</Filter>
    </ClInclude>
    <ClInclude Include="Game\Background.h">
      <Filter>Game</Filter>
    </ClInclude>
    <ClInclude Include="Engine\Rect.h">
      <Filter>Engine</Filter>
    </ClInclude>
    <ClInclude Include="Engine\TransformMatrix.h">
      <Filter>Engine</Filter>
    </ClInclude>
    <ClInclude Include="Engine\Animation.h">
      <Filter>Engine</Filter>
    </ClInclude>
    <ClInclude Include="Game\Hero_Anims.h">
      <Filter>Game</Filter>
    </ClInclude>
    <ClInclude Include="Game\Ball_Anims.h">
      <Filter>Game</Filter>
    </ClInclude>
    <ClInclude Include="Game\Flame_Anims.h">
      <Filter>Game</Filter>
    </ClInclude>
    <ClInclude Include="Engine\GameObject.h">
      <Filter>Engine</Filter>
    </ClInclude>
    <ClInclude Include="Engine\GameObjectManager.h">
      <Filter>Engine</Filter>
    </ClInclude>
    <ClInclude Include="Game\TreeStump.h">
      <Filter>Game</Filter>
    </ClInclude>
    <ClInclude Include="Game\Meteor.h">
      <Filter>Game</Filter>
    </ClInclude>
    <ClInclude Include="Game\Bunny.h">
      <Filter>Game</Filter>
    </ClInclude>
    <ClInclude Include="Engine\TextureManager.h">
      <Filter>Engine</Filter>
    </ClInclude>
    <ClInclude Include="Engine\SpriteFont.h">
      <Filter>Engine</Filter>
    </ClInclude>
    <ClInclude Include="Game\Fonts.h">
      <Filter>Game</Filter>
    </ClInclude>
    <ClInclude Include="Game\MainMenu.h">
      <Filter>Game</Filter>
    </ClInclude>
    <ClInclude Include="Engine\Component.h">
      <Filter>Engine</Filter>
    </ClInclude>
    <ClInclude Include="Engine\ComponentManager.h">
      <Filter>Engine</Filter>
    </ClInclude>
    <ClInclude Include="Game\ScreenWrap.h">
      <Filter>Game</Filter>
    </ClInclude>
    <ClInclude Include="Game\Gravity.h">
      <Filter>Game</Filter>
    </ClInclude>
    <ClInclude Include="Game\Score.h">
      <Filter>Game</Filter>
    </ClInclude>
    <ClInclude Include="Game\Timer.h">
      <Filter>Game</Filter>
    </ClInclude>
    <ClInclude Include="Engine\Collision.h">
      <Filter>Engine</Filter>
    </ClInclude>
    <ClInclude Include="Engine\ShowCollision.h">
      <Filter>Engine</Filter>
    </ClInclude>
    <ClInclude Include="Game\GameObjectTypes.h">
      <Filter>Game</Filter>
    </ClInclude>
    <ClInclude Include="Game\Ship_Anims.h">
      <Filter>Game</Filter>
    </ClInclude>
    <ClInclude Include="Game\Floor.h">
      <Filter>Game</Filter>
    </ClInclude>
    <ClInclude Include="Game\Exit.h">
      <Filter>Game</Filter>
    </ClInclude>
    <ClInclude Include="Game\Bunny_Anims.h">
      <Filter>Game</Filter>
    </ClInclude>
    <ClInclude Include="Game\Laser.h">
      <Filter>Game</Filter>
    </ClInclude>
    <ClInclude Include="Game\Meteor_Anims.h">
      <Filter>Game</Filter>
    </ClInclude>
    <ClInclude Include="Engine\ParticleEmitter.h">
      <Filter>Engine</Filter>
    </ClInclude>
    <ClInclude Include="Game\GameParticles.h">
      <Filter>Game</Filter>
    </ClInclude>
    <ClInclude Include="Game\Mode3.h">
      <Filter>Game</Filter>
    </ClInclude>
    <ClInclude Include="Game\Police.h">
      <Filter>Game\Mode3</Filter>
    </ClInclude>
    <ClInclude Include="Game\Spike.h">
      <Filter>Game\Mode3</Filter>
    </ClInclude>
    <ClInclude Include="Game\Runner.h">
      <Filter>Game\Mode3</Filter>
    </ClInclude>
    <ClInclude Include="Game\Runner_Anims.h">
      <Filter>Game\Mode3</Filter>
    </ClInclude>
    <ClInclude Include="Game\Police_Anims.h">
      <Filter>Game\Mode3</Filter>
    </ClInclude>
    <ClInclude Include="Game\Hp.h">
      <Filter>Game</Filter>
    </ClInclude>
    <ClInclude Include="Game\Finish.h">
      <Filter>Game\Mode3</Filter>
    </ClInclude>
  </ItemGroup>
  <ItemGroup>
    <None Include="Engine\Vec2.inl">
      <Filter>Engine</Filter>
    </None>
  </ItemGroup>
</Project>